
Microsoft Visual Studio Solution File, Format Version 12.00
# Visual Studio Version 16
VisualStudioVersion = 16.0.30114.105
MinimumVisualStudioVersion = 10.0.40219.1
Project("{FAE04EC0-301F-11D3-BF4B-00C04F79EFBC}") = "ConsoleWeb", "src\ConsoleWeb\ConsoleWeb.csproj", "{C3BB75BD-54A7-4F8C-9209-085EFC0E0A25}"
EndProject
Project("{2150E333-8FDC-42A3-9474-1A3956D46DE8}") = "src", "src", "{7495AC55-2CA8-4E05-AC7D-6520CC64284C}"
EndProject
Global
	GlobalSection(SolutionConfigurationPlatforms) = preSolution
		Debug|Any CPU = Debug|Any CPU
		Debug|x64 = Debug|x64
		Debug|x86 = Debug|x86
		Release|Any CPU = Release|Any CPU
		Release|x64 = Release|x64
		Release|x86 = Release|x86
	EndGlobalSection
	GlobalSection(SolutionProperties) = preSolution
		HideSolutionNode = FALSE
	EndGlobalSection
	GlobalSection(ProjectConfigurationPlatforms) = postSolution
		{C3BB75BD-54A7-4F8C-9209-085EFC0E0A25}.Debug|Any CPU.ActiveCfg = Debug|Any CPU
		{C3BB75BD-54A7-4F8C-9209-085EFC0E0A25}.Debug|Any CPU.Build.0 = Debug|Any CPU
		{C3BB75BD-54A7-4F8C-9209-085EFC0E0A25}.Debug|x64.ActiveCfg = Debug|Any CPU
		{C3BB75BD-54A7-4F8C-9209-085EFC0E0A25}.Debug|x64.Build.0 = Debug|Any CPU
		{C3BB75BD-54A7-4F8C-9209-085EFC0E0A25}.Debug|x86.ActiveCfg = Debug|Any CPU
		{C3BB75BD-54A7-4F8C-9209-085EFC0E0A25}.Debug|x86.Build.0 = Debug|Any CPU
		{C3BB75BD-54A7-4F8C-9209-085EFC0E0A25}.Release|Any CPU.ActiveCfg = Release|Any CPU
		{C3BB75BD-54A7-4F8C-9209-085EFC0E0A25}.Release|Any CPU.Build.0 = Release|Any CPU
		{C3BB75BD-54A7-4F8C-9209-085EFC0E0A25}.Release|x64.ActiveCfg = Release|Any CPU
		{C3BB75BD-54A7-4F8C-9209-085EFC0E0A25}.Release|x64.Build.0 = Release|Any CPU
		{C3BB75BD-54A7-4F8C-9209-085EFC0E0A25}.Release|x86.ActiveCfg = Release|Any CPU
		{C3BB75BD-54A7-4F8C-9209-085EFC0E0A25}.Release|x86.Build.0 = Release|Any CPU
	EndGlobalSection
	GlobalSection(NestedProjects) = preSolution
		{C3BB75BD-54A7-4F8C-9209-085EFC0E0A25} = {7495AC55-2CA8-4E05-AC7D-6520CC64284C}
	EndGlobalSection
EndGlobal
